
Microsoft Visual Studio Solution File, Format Version 12.00
# Visual Studio 15
VisualStudioVersion = 15.0.27130.2027
MinimumVisualStudioVersion = 10.0.40219.1
Project("{FAE04EC0-301F-11D3-BF4B-00C04F79EFBC}") = "GCSENEACodeCSharpPort", "GCSENEACodeCSharpPort\GCSENEACodeCSharpPort.csproj", "{5F6DEEC9-7E13-4BB6-97E1-3564136E1C84}"
EndProject
Global
	GlobalSection(SolutionConfigurationPlatforms) = preSolution
		Debug|Any CPU = Debug|Any CPU
		Release|Any CPU = Release|Any CPU
	EndGlobalSection
	GlobalSection(ProjectConfigurationPlatforms) = postSolution
		{5F6DEEC9-7E13-4BB6-97E1-3564136E1C84}.Debug|Any CPU.ActiveCfg = Debug|Any CPU
		{5F6DEEC9-7E13-4BB6-97E1-3564136E1C84}.Debug|Any CPU.Build.0 = Debug|Any CPU
		{5F6DEEC9-7E13-4BB6-97E1-3564136E1C84}.Release|Any CPU.ActiveCfg = Release|Any CPU
		{5F6DEEC9-7E13-4BB6-97E1-3564136E1C84}.Release|Any CPU.Build.0 = Release|Any CPU
	EndGlobalSection
	GlobalSection(SolutionProperties) = preSolution
		HideSolutionNode = FALSE
	EndGlobalSection
	GlobalSection(ExtensibilityGlobals) = postSolution
		SolutionGuid = {1F00447B-FD03-41AC-94E6-A00B29507561}
	EndGlobalSection
EndGlobal
